// !$*UTF8*$!
{
	archiveVersion = 1;
	classes = {
	};
	objectVersion = 51;
	objects = {

/* Begin PBXBuildFile section */
		7B254DE079AAB762EE594F07 /* Pods_FitnessKit.framework in Frameworks */ = {isa = PBXBuildFile; fileRef = CED794A600066B4D1599B9D1 /* Pods_FitnessKit.framework */; };
		7C4363182409E80E00EC7D2A /* WeekDays.swift in Sources */ = {isa = PBXBuildFile; fileRef = 7C4363172409E80E00EC7D2A /* WeekDays.swift */; };
		7C43631A240A836300EC7D2A /* TeacherDetailVC.swift in Sources */ = {isa = PBXBuildFile; fileRef = 7C436319240A836300EC7D2A /* TeacherDetailVC.swift */; };
		7C43631C240A877600EC7D2A /* Displayable.swift in Sources */ = {isa = PBXBuildFile; fileRef = 7C43631B240A877600EC7D2A /* Displayable.swift */; };
		7C43631E240AA68A00EC7D2A /* Views.swift in Sources */ = {isa = PBXBuildFile; fileRef = 7C43631D240AA68A00EC7D2A /* Views.swift */; };
		7C43632C240AF6A900EC7D2A /* Workout.swift in Sources */ = {isa = PBXBuildFile; fileRef = 7C43632B240AF6A900EC7D2A /* Workout.swift */; };
		7C436330240B191000EC7D2A /* SchedulerCell.swift in Sources */ = {isa = PBXBuildFile; fileRef = 7C43632F240B191000EC7D2A /* SchedulerCell.swift */; };
		7C436332240C0BF600EC7D2A /* Colors.xcassets in Resources */ = {isa = PBXBuildFile; fileRef = 7C436331240C0BF600EC7D2A /* Colors.xcassets */; };
		7C67162A2407D15900227333 /* AppDelegate.swift in Sources */ = {isa = PBXBuildFile; fileRef = 7C6716292407D15900227333 /* AppDelegate.swift */; };
		7C67162C2407D15900227333 /* FitnessKitVC.swift in Sources */ = {isa = PBXBuildFile; fileRef = 7C67162B2407D15900227333 /* FitnessKitVC.swift */; };
		7C67162F2407D15900227333 /* FitnessKit.xcdatamodeld in Sources */ = {isa = PBXBuildFile; fileRef = 7C67162D2407D15900227333 /* FitnessKit.xcdatamodeld */; };
		7C6716312407D15B00227333 /* Assets.xcassets in Resources */ = {isa = PBXBuildFile; fileRef = 7C6716302407D15B00227333 /* Assets.xcassets */; };
		7C6716342407D15B00227333 /* LaunchScreen.storyboard in Resources */ = {isa = PBXBuildFile; fileRef = 7C6716322407D15B00227333 /* LaunchScreen.storyboard */; };
		7CAADC2A240919E600907992 /* fitnesskit.json in Resources */ = {isa = PBXBuildFile; fileRef = 7CAADC29240919E600907992 /* fitnesskit.json */; };
		7CAADC2C24091C4E00907992 /* Bundle+.swift in Sources */ = {isa = PBXBuildFile; fileRef = 7CAADC2B24091C4E00907992 /* Bundle+.swift */; };
		7CAADC362409554400907992 /* NetworkingService.swift in Sources */ = {isa = PBXBuildFile; fileRef = 7CAADC352409554400907992 /* NetworkingService.swift */; };
		7CFE2D5F24081C2500DBB07E /* SchedulerItem+CoreDataClass.swift in Sources */ = {isa = PBXBuildFile; fileRef = 7CFE2D5D24081C2500DBB07E /* SchedulerItem+CoreDataClass.swift */; };
		7CFE2D6024081C2500DBB07E /* SchedulerItem+CoreDataProperties.swift in Sources */ = {isa = PBXBuildFile; fileRef = 7CFE2D5E24081C2500DBB07E /* SchedulerItem+CoreDataProperties.swift */; };
/* End PBXBuildFile section */

/* Begin PBXFileReference section */
		23DFB9E89154E01FE55F3FE2 /* Pods-FitnessKit.release.xcconfig */ = {isa = PBXFileReference; includeInIndex = 1; lastKnownFileType = text.xcconfig; name = "Pods-FitnessKit.release.xcconfig"; path = "Target Support Files/Pods-FitnessKit/Pods-FitnessKit.release.xcconfig"; sourceTree = "<group>"; };
		7C4363172409E80E00EC7D2A /* WeekDays.swift */ = {isa = PBXFileReference; lastKnownFileType = sourcecode.swift; path = WeekDays.swift; sourceTree = "<group>"; };
		7C436319240A836300EC7D2A /* TeacherDetailVC.swift */ = {isa = PBXFileReference; lastKnownFileType = sourcecode.swift; path = TeacherDetailVC.swift; sourceTree = "<group>"; };
		7C43631B240A877600EC7D2A /* Displayable.swift */ = {isa = PBXFileReference; lastKnownFileType = sourcecode.swift; path = Displayable.swift; sourceTree = "<group>"; };
		7C43631D240AA68A00EC7D2A /* Views.swift */ = {isa = PBXFileReference; lastKnownFileType = sourcecode.swift; path = Views.swift; sourceTree = "<group>"; };
		7C43632B240AF6A900EC7D2A /* Workout.swift */ = {isa = PBXFileReference; lastKnownFileType = sourcecode.swift; path = Workout.swift; sourceTree = "<group>"; };
		7C43632F240B191000EC7D2A /* SchedulerCell.swift */ = {isa = PBXFileReference; lastKnownFileType = sourcecode.swift; path = SchedulerCell.swift; sourceTree = "<group>"; };
		7C436331240C0BF600EC7D2A /* Colors.xcassets */ = {isa = PBXFileReference; lastKnownFileType = folder.assetcatalog; path = Colors.xcassets; sourceTree = "<group>"; };
		7C6716262407D15900227333 /* FitnessKit.app */ = {isa = PBXFileReference; explicitFileType = wrapper.application; includeInIndex = 0; path = FitnessKit.app; sourceTree = BUILT_PRODUCTS_DIR; };
		7C6716292407D15900227333 /* AppDelegate.swift */ = {isa = PBXFileReference; lastKnownFileType = sourcecode.swift; path = AppDelegate.swift; sourceTree = "<group>"; };
		7C67162B2407D15900227333 /* FitnessKitVC.swift */ = {isa = PBXFileReference; lastKnownFileType = sourcecode.swift; path = FitnessKitVC.swift; sourceTree = "<group>"; xcLanguageSpecificationIdentifier = xcode.lang.swift; };
		7C67162E2407D15900227333 /* FitnessKit.xcdatamodel */ = {isa = PBXFileReference; lastKnownFileType = wrapper.xcdatamodel; path = FitnessKit.xcdatamodel; sourceTree = "<group>"; };
		7C6716302407D15B00227333 /* Assets.xcassets */ = {isa = PBXFileReference; lastKnownFileType = folder.assetcatalog; path = Assets.xcassets; sourceTree = "<group>"; };
		7C6716332407D15B00227333 /* Base */ = {isa = PBXFileReference; lastKnownFileType = file.storyboard; name = Base; path = Base.lproj/LaunchScreen.storyboard; sourceTree = "<group>"; };
		7C6716352407D15B00227333 /* Info.plist */ = {isa = PBXFileReference; lastKnownFileType = text.plist.xml; path = Info.plist; sourceTree = "<group>"; };
		7CAADC29240919E600907992 /* fitnesskit.json */ = {isa = PBXFileReference; lastKnownFileType = text.json; path = fitnesskit.json; sourceTree = "<group>"; };
		7CAADC2B24091C4E00907992 /* Bundle+.swift */ = {isa = PBXFileReference; lastKnownFileType = sourcecode.swift; path = "Bundle+.swift"; sourceTree = "<group>"; };
		7CAADC352409554400907992 /* NetworkingService.swift */ = {isa = PBXFileReference; lastKnownFileType = sourcecode.swift; path = NetworkingService.swift; sourceTree = "<group>"; };
		7CFE2D5D24081C2500DBB07E /* SchedulerItem+CoreDataClass.swift */ = {isa = PBXFileReference; lastKnownFileType = sourcecode.swift; path = "SchedulerItem+CoreDataClass.swift"; sourceTree = SOURCE_ROOT; };
		7CFE2D5E24081C2500DBB07E /* SchedulerItem+CoreDataProperties.swift */ = {isa = PBXFileReference; lastKnownFileType = sourcecode.swift; path = "SchedulerItem+CoreDataProperties.swift"; sourceTree = SOURCE_ROOT; };
		AB869F00C927A72ABAC0AACA /* Pods-FitnessKit.debug.xcconfig */ = {isa = PBXFileReference; includeInIndex = 1; lastKnownFileType = text.xcconfig; name = "Pods-FitnessKit.debug.xcconfig"; path = "Target Support Files/Pods-FitnessKit/Pods-FitnessKit.debug.xcconfig"; sourceTree = "<group>"; };
		CED794A600066B4D1599B9D1 /* Pods_FitnessKit.framework */ = {isa = PBXFileReference; explicitFileType = wrapper.framework; includeInIndex = 0; path = Pods_FitnessKit.framework; sourceTree = BUILT_PRODUCTS_DIR; };
/* End PBXFileReference section */

/* Begin PBXFrameworksBuildPhase section */
		7C6716232407D15900227333 /* Frameworks */ = {
			isa = PBXFrameworksBuildPhase;
			buildActionMask = 2147483647;
			files = (
				7B254DE079AAB762EE594F07 /* Pods_FitnessKit.framework in Frameworks */,
			);
			runOnlyForDeploymentPostprocessing = 0;
		};
/* End PBXFrameworksBuildPhase section */

/* Begin PBXGroup section */
		7C67161D2407D15900227333 = {
			isa = PBXGroup;
			children = (
				7C6716282407D15900227333 /* FitnessKit */,
				7C6716272407D15900227333 /* Products */,
				958F888FFE330AC12F6A479A /* Pods */,
				E899C1BF85A8C12AE9695140 /* Frameworks */,
			);
			sourceTree = "<group>";
		};
		7C6716272407D15900227333 /* Products */ = {
			isa = PBXGroup;
			children = (
				7C6716262407D15900227333 /* FitnessKit.app */,
			);
			name = Products;
			sourceTree = "<group>";
		};
		7C6716282407D15900227333 /* FitnessKit */ = {
			isa = PBXGroup;
			children = (
				7CFE2D5D24081C2500DBB07E /* SchedulerItem+CoreDataClass.swift */,
				7CFE2D5E24081C2500DBB07E /* SchedulerItem+CoreDataProperties.swift */,
				7C6716292407D15900227333 /* AppDelegate.swift */,
				7CAADC352409554400907992 /* NetworkingService.swift */,
				7C67162B2407D15900227333 /* FitnessKitVC.swift */,
				7C43632F240B191000EC7D2A /* SchedulerCell.swift */,
				7C436319240A836300EC7D2A /* TeacherDetailVC.swift */,
				7C43631D240AA68A00EC7D2A /* Views.swift */,
				7C4363172409E80E00EC7D2A /* WeekDays.swift */,
				7CAADC2B24091C4E00907992 /* Bundle+.swift */,
				7CAADC29240919E600907992 /* fitnesskit.json */,
				7C67162D2407D15900227333 /* FitnessKit.xcdatamodeld */,
				7C6716302407D15B00227333 /* Assets.xcassets */,
				7C436331240C0BF600EC7D2A /* Colors.xcassets */,
				7C6716322407D15B00227333 /* LaunchScreen.storyboard */,
				7C6716352407D15B00227333 /* Info.plist */,
				7C43631B240A877600EC7D2A /* Displayable.swift */,
				7C43632B240AF6A900EC7D2A /* Workout.swift */,
			);
			path = FitnessKit;
			sourceTree = "<group>";
		};
		958F888FFE330AC12F6A479A /* Pods */ = {
			isa = PBXGroup;
			children = (
				AB869F00C927A72ABAC0AACA /* Pods-FitnessKit.debug.xcconfig */,
				23DFB9E89154E01FE55F3FE2 /* Pods-FitnessKit.release.xcconfig */,
			);
			path = Pods;
			sourceTree = "<group>";
		};
		E899C1BF85A8C12AE9695140 /* Frameworks */ = {
			isa = PBXGroup;
			children = (
				CED794A600066B4D1599B9D1 /* Pods_FitnessKit.framework */,
			);
			name = Frameworks;
			sourceTree = "<group>";
		};
/* End PBXGroup section */

/* Begin PBXNativeTarget section */
		7C6716252407D15900227333 /* FitnessKit */ = {
			isa = PBXNativeTarget;
			buildConfigurationList = 7C6716382407D15B00227333 /* Build configuration list for PBXNativeTarget "FitnessKit" */;
			buildPhases = (
				7D0D9977742D42ABB3675F32 /* [CP] Check Pods Manifest.lock */,
				7C6716222407D15900227333 /* Sources */,
				7C6716232407D15900227333 /* Frameworks */,
				7C6716242407D15900227333 /* Resources */,
				577DAFCB4E72887B3F1FF903 /* [CP] Embed Pods Frameworks */,
			);
			buildRules = (
			);
			dependencies = (
			);
			name = FitnessKit;
			productName = FitnessKit;
			productReference = 7C6716262407D15900227333 /* FitnessKit.app */;
			productType = "com.apple.product-type.application";
		};
/* End PBXNativeTarget section */

/* Begin PBXProject section */
		7C67161E2407D15900227333 /* Project object */ = {
			isa = PBXProject;
			attributes = {
				LastSwiftUpdateCheck = 1130;
				LastUpgradeCheck = 1130;
				ORGANIZATIONNAME = "Oleg Sitnikov";
				TargetAttributes = {
					7C6716252407D15900227333 = {
						CreatedOnToolsVersion = 11.3.1;
					};
				};
			};
			buildConfigurationList = 7C6716212407D15900227333 /* Build configuration list for PBXProject "FitnessKit" */;
			compatibilityVersion = "Xcode 9.3";
			developmentRegion = en;
			hasScannedForEncodings = 0;
			knownRegions = (
				en,
				Base,
			);
			mainGroup = 7C67161D2407D15900227333;
			productRefGroup = 7C6716272407D15900227333 /* Products */;
			projectDirPath = "";
			projectRoot = "";
			targets = (
				7C6716252407D15900227333 /* FitnessKit */,
			);
		};
/* End PBXProject section */

/* Begin PBXResourcesBuildPhase section */
		7C6716242407D15900227333 /* Resources */ = {
			isa = PBXResourcesBuildPhase;
			buildActionMask = 2147483647;
			files = (
				7C6716312407D15B00227333 /* Assets.xcassets in Resources */,
				7C436332240C0BF600EC7D2A /* Colors.xcassets in Resources */,
				7CAADC2A240919E600907992 /* fitnesskit.json in Resources */,
				7C6716342407D15B00227333 /* LaunchScreen.storyboard in Resources */,
			);
			runOnlyForDeploymentPostprocessing = 0;
		};
/* End PBXResourcesBuildPhase section */

/* Begin PBXShellScriptBuildPhase section */
		577DAFCB4E72887B3F1FF903 /* [CP] Embed Pods Frameworks */ = {
			isa = PBXShellScriptBuildPhase;
			buildActionMask = 2147483647;
			files = (
			);
			inputFileListPaths = (
				"${PODS_ROOT}/Target Support Files/Pods-FitnessKit/Pods-FitnessKit-frameworks-${CONFIGURATION}-input-files.xcfilelist",
			);
			name = "[CP] Embed Pods Frameworks";
			outputFileListPaths = (
				"${PODS_ROOT}/Target Support Files/Pods-FitnessKit/Pods-FitnessKit-frameworks-${CONFIGURATION}-output-files.xcfilelist",
			);
			runOnlyForDeploymentPostprocessing = 0;
			shellPath = /bin/sh;
			shellScript = "\"${PODS_ROOT}/Target Support Files/Pods-FitnessKit/Pods-FitnessKit-frameworks.sh\"\n";
			showEnvVarsInLog = 0;
		};
		7D0D9977742D42ABB3675F32 /* [CP] Check Pods Manifest.lock */ = {
			isa = PBXShellScriptBuildPhase;
			buildActionMask = 2147483647;
			files = (
			);
			inputFileListPaths = (
			);
			inputPaths = (
				"${PODS_PODFILE_DIR_PATH}/Podfile.lock",
				"${PODS_ROOT}/Manifest.lock",
			);
			name = "[CP] Check Pods Manifest.lock";
			outputFileListPaths = (
			);
			outputPaths = (
				"$(DERIVED_FILE_DIR)/Pods-FitnessKit-checkManifestLockResult.txt",
			);
			runOnlyForDeploymentPostprocessing = 0;
			shellPath = /bin/sh;
			shellScript = "diff \"${PODS_PODFILE_DIR_PATH}/Podfile.lock\" \"${PODS_ROOT}/Manifest.lock\" > /dev/null\nif [ $? != 0 ] ; then\n    # print error to STDERR\n    echo \"error: The sandbox is not in sync with the Podfile.lock. Run 'pod install' or update your CocoaPods installation.\" >&2\n    exit 1\nfi\n# This output is used by Xcode 'outputs' to avoid re-running this script phase.\necho \"SUCCESS\" > \"${SCRIPT_OUTPUT_FILE_0}\"\n";
			showEnvVarsInLog = 0;
		};
/* End PBXShellScriptBuildPhase section */

/* Begin PBXSourcesBuildPhase section */
		7C6716222407D15900227333 /* Sources */ = {
			isa = PBXSourcesBuildPhase;
			buildActionMask = 2147483647;
			files = (
				7CAADC362409554400907992 /* NetworkingService.swift in Sources */,
				7C43631E240AA68A00EC7D2A /* Views.swift in Sources */,
				7C67162C2407D15900227333 /* FitnessKitVC.swift in Sources */,
				7C436330240B191000EC7D2A /* SchedulerCell.swift in Sources */,
				7CAADC2C24091C4E00907992 /* Bundle+.swift in Sources */,
				7C67162F2407D15900227333 /* FitnessKit.xcdatamodeld in Sources */,
				7CFE2D6024081C2500DBB07E /* SchedulerItem+CoreDataProperties.swift in Sources */,
				7C43631A240A836300EC7D2A /* TeacherDetailVC.swift in Sources */,
				7CFE2D5F24081C2500DBB07E /* SchedulerItem+CoreDataClass.swift in Sources */,
				7C4363182409E80E00EC7D2A /* WeekDays.swift in Sources */,
				7C43631C240A877600EC7D2A /* Displayable.swift in Sources */,
				7C67162A2407D15900227333 /* AppDelegate.swift in Sources */,
				7C43632C240AF6A900EC7D2A /* Workout.swift in Sources */,
			);
			runOnlyForDeploymentPostprocessing = 0;
		};
/* End PBXSourcesBuildPhase section */

/* Begin PBXVariantGroup section */
		7C6716322407D15B00227333 /* LaunchScreen.storyboard */ = {
			isa = PBXVariantGroup;
			children = (
				7C6716332407D15B00227333 /* Base */,
			);
			name = LaunchScreen.storyboard;
			sourceTree = "<group>";
		};
/* End PBXVariantGroup section */

/* Begin XCBuildConfiguration section */
		7C6716362407D15B00227333 /* Debug */ = {
			isa = XCBuildConfiguration;
			buildSettings = {
				ALWAYS_SEARCH_USER_PATHS = NO;
				CLANG_ANALYZER_NONNULL = YES;
				CLANG_ANALYZER_NUMBER_OBJECT_CONVERSION = YES_AGGRESSIVE;
				CLANG_CXX_LANGUAGE_STANDARD = "gnu++14";
				CLANG_CXX_LIBRARY = "libc++";
				CLANG_ENABLE_MODULES = YES;
				CLANG_ENABLE_OBJC_ARC = YES;
				CLANG_ENABLE_OBJC_WEAK = YES;
				CLANG_WARN_BLOCK_CAPTURE_AUTORELEASING = YES;
				CLANG_WARN_BOOL_CONVERSION = YES;
				CLANG_WARN_COMMA = YES;
				CLANG_WARN_CONSTANT_CONVERSION = YES;
				CLANG_WARN_DEPRECATED_OBJC_IMPLEMENTATIONS = YES;
				CLANG_WARN_DIRECT_OBJC_ISA_USAGE = YES_ERROR;
				CLANG_WARN_DOCUMENTATION_COMMENTS = YES;
				CLANG_WARN_EMPTY_BODY = YES;
				CLANG_WARN_ENUM_CONVERSION = YES;
				CLANG_WARN_INFINITE_RECURSION = YES;
				CLANG_WARN_INT_CONVERSION = YES;
				CLANG_WARN_NON_LITERAL_NULL_CONVERSION = YES;
				CLANG_WARN_OBJC_IMPLICIT_RETAIN_SELF = YES;
				CLANG_WARN_OBJC_LITERAL_CONVERSION = YES;
				CLANG_WARN_OBJC_ROOT_CLASS = YES_ERROR;
				CLANG_WARN_RANGE_LOOP_ANALYSIS = YES;
				CLANG_WARN_STRICT_PROTOTYPES = YES;
				CLANG_WARN_SUSPICIOUS_MOVE = YES;
				CLANG_WARN_UNGUARDED_AVAILABILITY = YES_AGGRESSIVE;
				CLANG_WARN_UNREACHABLE_CODE = YES;
				CLANG_WARN__DUPLICATE_METHOD_MATCH = YES;
				COPY_PHASE_STRIP = NO;
				DEBUG_INFORMATION_FORMAT = dwarf;
				ENABLE_STRICT_OBJC_MSGSEND = YES;
				ENABLE_TESTABILITY = YES;
				GCC_C_LANGUAGE_STANDARD = gnu11;
				GCC_DYNAMIC_NO_PIC = NO;
				GCC_NO_COMMON_BLOCKS = YES;
				GCC_OPTIMIZATION_LEVEL = 0;
				GCC_PREPROCESSOR_DEFINITIONS = (
					"DEBUG=1",
					"$(inherited)",
				);
				GCC_WARN_64_TO_32_BIT_CONVERSION = YES;
				GCC_WARN_ABOUT_RETURN_TYPE = YES_ERROR;
				GCC_WARN_UNDECLARED_SELECTOR = YES;
				GCC_WARN_UNINITIALIZED_AUTOS = YES_AGGRESSIVE;
				GCC_WARN_UNUSED_FUNCTION = YES;
				GCC_WARN_UNUSED_VARIABLE = YES;
				IPHONEOS_DEPLOYMENT_TARGET = 13.2;
				MTL_ENABLE_DEBUG_INFO = INCLUDE_SOURCE;
				MTL_FAST_MATH = YES;
				ONLY_ACTIVE_ARCH = YES;
				SDKROOT = iphoneos;
				SWIFT_ACTIVE_COMPILATION_CONDITIONS = DEBUG;
				SWIFT_OPTIMIZATION_LEVEL = "-Onone";
			};
			name = Debug;
		};
		7C6716372407D15B00227333 /* Release */ = {
			isa = XCBuildConfiguration;
			buildSettings = {
				ALWAYS_SEARCH_USER_PATHS = NO;
				CLANG_ANALYZER_NONNULL = YES;
				CLANG_ANALYZER_NUMBER_OBJECT_CONVERSION = YES_AGGRESSIVE;
				CLANG_CXX_LANGUAGE_STANDARD = "gnu++14";
				CLANG_CXX_LIBRARY = "libc++";
				CLANG_ENABLE_MODULES = YES;
				CLANG_ENABLE_OBJC_ARC = YES;
				CLANG_ENABLE_OBJC_WEAK = YES;
				CLANG_WARN_BLOCK_CAPTURE_AUTORELEASING = YES;
				CLANG_WARN_BOOL_CONVERSION = YES;
				CLANG_WARN_COMMA = YES;
				CLANG_WARN_CONSTANT_CONVERSION = YES;
				CLANG_WARN_DEPRECATED_OBJC_IMPLEMENTATIONS = YES;
				CLANG_WARN_DIRECT_OBJC_ISA_USAGE = YES_ERROR;
				CLANG_WARN_DOCUMENTATION_COMMENTS = YES;
				CLANG_WARN_EMPTY_BODY = YES;
				CLANG_WARN_ENUM_CONVERSION = YES;
				CLANG_WARN_INFINITE_RECURSION = YES;
				CLANG_WARN_INT_CONVERSION = YES;
				CLANG_WARN_NON_LITERAL_NULL_CONVERSION = YES;
				CLANG_WARN_OBJC_IMPLICIT_RETAIN_SELF = YES;
				CLANG_WARN_OBJC_LITERAL_CONVERSION = YES;
				CLANG_WARN_OBJC_ROOT_CLASS = YES_ERROR;
				CLANG_WARN_RANGE_LOOP_ANALYSIS = YES;
				CLANG_WARN_STRICT_PROTOTYPES = YES;
				CLANG_WARN_SUSPICIOUS_MOVE = YES;
				CLANG_WARN_UNGUARDED_AVAILABILITY = YES_AGGRESSIVE;
				CLANG_WARN_UNREACHABLE_CODE = YES;
				CLANG_WARN__DUPLICATE_METHOD_MATCH = YES;
				COPY_PHASE_STRIP = NO;
				DEBUG_INFORMATION_FORMAT = "dwarf-with-dsym";
				ENABLE_NS_ASSERTIONS = NO;
				ENABLE_STRICT_OBJC_MSGSEND = YES;
				GCC_C_LANGUAGE_STANDARD = gnu11;
				GCC_NO_COMMON_BLOCKS = YES;
				GCC_WARN_64_TO_32_BIT_CONVERSION = YES;
				GCC_WARN_ABOUT_RETURN_TYPE = YES_ERROR;
				GCC_WARN_UNDECLARED_SELECTOR = YES;
				GCC_WARN_UNINITIALIZED_AUTOS = YES_AGGRESSIVE;
				GCC_WARN_UNUSED_FUNCTION = YES;
				GCC_WARN_UNUSED_VARIABLE = YES;
				IPHONEOS_DEPLOYMENT_TARGET = 13.2;
				MTL_ENABLE_DEBUG_INFO = NO;
				MTL_FAST_MATH = YES;
				SDKROOT = iphoneos;
				SWIFT_COMPILATION_MODE = wholemodule;
				SWIFT_OPTIMIZATION_LEVEL = "-O";
				VALIDATE_PRODUCT = YES;
			};
			name = Release;
		};
		7C6716392407D15B00227333 /* Debug */ = {
			isa = XCBuildConfiguration;
			baseConfigurationReference = AB869F00C927A72ABAC0AACA /* Pods-FitnessKit.debug.xcconfig */;
			buildSettings = {
				ASSETCATALOG_COMPILER_APPICON_NAME = AppIcon;
				CODE_SIGN_STYLE = Automatic;
				DEVELOPMENT_TEAM = CQPZ5C4VAN;
				INFOPLIST_FILE = FitnessKit/Info.plist;
				IPHONEOS_DEPLOYMENT_TARGET = 12.4;
				LD_RUNPATH_SEARCH_PATHS = (
					"$(inherited)",
					"@executable_path/Frameworks",
				);
				MARKETING_VERSION = 0.1.0;
				PRODUCT_BUNDLE_IDENTIFIER = development.olegstv.FitnessKit;
				PRODUCT_NAME = "$(TARGET_NAME)";
				SWIFT_VERSION = 5.0;
				TARGETED_DEVICE_FAMILY = 1;
			};
			name = Debug;
		};
		7C67163A2407D15B00227333 /* Release */ = {
			isa = XCBuildConfiguration;
			baseConfigurationReference = 23DFB9E89154E01FE55F3FE2 /* Pods-FitnessKit.release.xcconfig */;
			buildSettings = {
				ASSETCATALOG_COMPILER_APPICON_NAME = AppIcon;
				CODE_SIGN_STYLE = Automatic;
				DEVELOPMENT_TEAM = CQPZ5C4VAN;
				INFOPLIST_FILE = FitnessKit/Info.plist;
				IPHONEOS_DEPLOYMENT_TARGET = 12.4;
				LD_RUNPATH_SEARCH_PATHS = (
					"$(inherited)",
					"@executable_path/Frameworks",
				);
				MARKETING_VERSION = 0.1.0;
				PRODUCT_BUNDLE_IDENTIFIER = development.olegstv.FitnessKit;
				PRODUCT_NAME = "$(TARGET_NAME)";
				SWIFT_VERSION = 5.0;
				TARGETED_DEVICE_FAMILY = 1;
			};
			name = Release;
		};
/* End XCBuildConfiguration section */

/* Begin XCConfigurationList section */
		7C6716212407D15900227333 /* Build configuration list for PBXProject "FitnessKit" */ = {
			isa = XCConfigurationList;
			buildConfigurations = (
				7C6716362407D15B00227333 /* Debug */,
				7C6716372407D15B00227333 /* Release */,
			);
			defaultConfigurationIsVisible = 0;
			defaultConfigurationName = Release;
		};
		7C6716382407D15B00227333 /* Build configuration list for PBXNativeTarget "FitnessKit" */ = {
			isa = XCConfigurationList;
			buildConfigurations = (
				7C6716392407D15B00227333 /* Debug */,
				7C67163A2407D15B00227333 /* Release */,
			);
			defaultConfigurationIsVisible = 0;
			defaultConfigurationName = Release;
		};
/* End XCConfigurationList section */

/* Begin XCVersionGroup section */
		7C67162D2407D15900227333 /* FitnessKit.xcdatamodeld */ = {
			isa = XCVersionGroup;
			children = (
				7C67162E2407D15900227333 /* FitnessKit.xcdatamodel */,
			);
			currentVersion = 7C67162E2407D15900227333 /* FitnessKit.xcdatamodel */;
			path = FitnessKit.xcdatamodeld;
			sourceTree = "<group>";
			versionGroupType = wrapper.xcdatamodel;
		};
/* End XCVersionGroup section */
	};
	rootObject = 7C67161E2407D15900227333 /* Project object */;
}
